
Microsoft Visual Studio Solution File, Format Version 12.00
# Visual Studio Version 17
VisualStudioVersion = 17.9.34607.119
MinimumVisualStudioVersion = 10.0.40219.1
Project("{8BC9CEB8-8B4A-11D0-8D11-00A0C91BC942}") = "UnityInterfacesBinderPlugin", "UnityInterfacesBinderPlugin\UnityInterfacesBinderPlugin.vcxproj", "{D346BD99-9B96-438B-8999-5DC7BA16C69E}"
EndProject
Project("{8BC9CEB8-8B4A-11D0-8D11-00A0C91BC942}") = "SpriteCutterPlugin", "SpriteCutterPlugin.vcxproj", "{BB64DB60-54A3-4949-863A-E8F898A628BC}"
EndProject
Global
	GlobalSection(SolutionConfigurationPlatforms) = preSolution
		Debug|x64 = Debug|x64
		Debug|x86 = Debug|x86
		Release|x64 = Release|x64
		Release|x86 = Release|x86
	EndGlobalSection
	GlobalSection(ProjectConfigurationPlatforms) = postSolution
		{D346BD99-9B96-438B-8999-5DC7BA16C69E}.Debug|x64.ActiveCfg = Debug|x64
		{D346BD99-9B96-438B-8999-5DC7BA16C69E}.Debug|x64.Build.0 = Debug|x64
		{D346BD99-9B96-438B-8999-5DC7BA16C69E}.Debug|x86.ActiveCfg = Debug|Win32
		{D346BD99-9B96-438B-8999-5DC7BA16C69E}.Debug|x86.Build.0 = Debug|Win32
		{D346BD99-9B96-438B-8999-5DC7BA16C69E}.Release|x64.ActiveCfg = Release|x64
		{D346BD99-9B96-438B-8999-5DC7BA16C69E}.Release|x64.Build.0 = Release|x64
		{D346BD99-9B96-438B-8999-5DC7BA16C69E}.Release|x86.ActiveCfg = Release|Win32
		{D346BD99-9B96-438B-8999-5DC7BA16C69E}.Release|x86.Build.0 = Release|Win32
		{BB64DB60-54A3-4949-863A-E8F898A628BC}.Debug|x64.ActiveCfg = Debug|x64
		{BB64DB60-54A3-4949-863A-E8F898A628BC}.Debug|x64.Build.0 = Debug|x64
		{BB64DB60-54A3-4949-863A-E8F898A628BC}.Debug|x86.ActiveCfg = Debug|Win32
		{BB64DB60-54A3-4949-863A-E8F898A628BC}.Debug|x86.Build.0 = Debug|Win32
		{BB64DB60-54A3-4949-863A-E8F898A628BC}.Release|x64.ActiveCfg = Release|x64
		{BB64DB60-54A3-4949-863A-E8F898A628BC}.Release|x64.Build.0 = Release|x64
		{BB64DB60-54A3-4949-863A-E8F898A628BC}.Release|x86.ActiveCfg = Release|Win32
		{BB64DB60-54A3-4949-863A-E8F898A628BC}.Release|x86.Build.0 = Release|Win32
	EndGlobalSection
	GlobalSection(SolutionProperties) = preSolution
		HideSolutionNode = FALSE
	EndGlobalSection
	GlobalSection(ExtensibilityGlobals) = postSolution
		SolutionGuid = {F4751F26-2C42-46A9-AD96-B1B5AE8A962C}
	EndGlobalSection
EndGlobal
